
Microsoft Visual Studio Solution File, Format Version 12.00
# Visual Studio Version 17
VisualStudioVersion = 17.1.32407.343
MinimumVisualStudioVersion = 10.0.40219.1
Project("{9A19103F-16F7-4668-BE54-9A1E7A4F7556}") = "Protokollanalyse", "Protokollanalyse\Protokollanalyse.csproj", "{0BDF821B-F6FE-4FA9-959F-85362AF5A952}"
	ProjectSection(ProjectDependencies) = postProject
		{E366F18B-287F-46E6-A7BA-2DAD724C9242} = {E366F18B-287F-46E6-A7BA-2DAD724C9242}
	EndProjectSection
EndProject
Project("{9A19103F-16F7-4668-BE54-9A1E7A4F7556}") = "Protokollanalyse.Logik", "Protokollanalyse.Logik\Protokollanalyse.Logik.csproj", "{E366F18B-287F-46E6-A7BA-2DAD724C9242}"
EndProject
Global
	GlobalSection(SolutionConfigurationPlatforms) = preSolution
		Debug|Any CPU = Debug|Any CPU
		Release|Any CPU = Release|Any CPU
	EndGlobalSection
	GlobalSection(ProjectConfigurationPlatforms) = postSolution
		{0BDF821B-F6FE-4FA9-959F-85362AF5A952}.Debug|Any CPU.ActiveCfg = Debug|Any CPU
		{0BDF821B-F6FE-4FA9-959F-85362AF5A952}.Debug|Any CPU.Build.0 = Debug|Any CPU
		{0BDF821B-F6FE-4FA9-959F-85362AF5A952}.Release|Any CPU.ActiveCfg = Release|Any CPU
		{0BDF821B-F6FE-4FA9-959F-85362AF5A952}.Release|Any CPU.Build.0 = Release|Any CPU
		{E366F18B-287F-46E6-A7BA-2DAD724C9242}.Debug|Any CPU.ActiveCfg = Debug|Any CPU
		{E366F18B-287F-46E6-A7BA-2DAD724C9242}.Debug|Any CPU.Build.0 = Debug|Any CPU
		{E366F18B-287F-46E6-A7BA-2DAD724C9242}.Release|Any CPU.ActiveCfg = Release|Any CPU
		{E366F18B-287F-46E6-A7BA-2DAD724C9242}.Release|Any CPU.Build.0 = Release|Any CPU
	EndGlobalSection
	GlobalSection(SolutionProperties) = preSolution
		HideSolutionNode = FALSE
	EndGlobalSection
	GlobalSection(ExtensibilityGlobals) = postSolution
		SolutionGuid = {23308061-E666-4977-94F7-869131E141E9}
	EndGlobalSection
EndGlobal
