
Microsoft Visual Studio Solution File, Format Version 12.00
# Visual Studio Version 17
VisualStudioVersion = 17.1.32228.430
MinimumVisualStudioVersion = 10.0.40219.1
Project("{FAE04EC0-301F-11D3-BF4B-00C04F79EFBC}") = "AsyncWeb WebServer", "AsyncWeb WebServer\AsyncWeb WebServer.csproj", "{FB4C8CAB-507F-40A0-9E7C-BBD4F3040DA3}"
EndProject
Project("{FAE04EC0-301F-11D3-BF4B-00C04F79EFBC}") = "AsyncWeb.UserInterface", "AsyncWeb.UserInterface\AsyncWeb.UserInterface.csproj", "{B8BC0D1C-4933-40C5-8F4A-CC79557092A2}"
EndProject
Global
	GlobalSection(SolutionConfigurationPlatforms) = preSolution
		Debug|Any CPU = Debug|Any CPU
		Release|Any CPU = Release|Any CPU
	EndGlobalSection
	GlobalSection(ProjectConfigurationPlatforms) = postSolution
		{FB4C8CAB-507F-40A0-9E7C-BBD4F3040DA3}.Debug|Any CPU.ActiveCfg = Debug|Any CPU
		{FB4C8CAB-507F-40A0-9E7C-BBD4F3040DA3}.Debug|Any CPU.Build.0 = Debug|Any CPU
		{FB4C8CAB-507F-40A0-9E7C-BBD4F3040DA3}.Release|Any CPU.ActiveCfg = Release|Any CPU
		{FB4C8CAB-507F-40A0-9E7C-BBD4F3040DA3}.Release|Any CPU.Build.0 = Release|Any CPU
		{B8BC0D1C-4933-40C5-8F4A-CC79557092A2}.Debug|Any CPU.ActiveCfg = Debug|Any CPU
		{B8BC0D1C-4933-40C5-8F4A-CC79557092A2}.Debug|Any CPU.Build.0 = Debug|Any CPU
		{B8BC0D1C-4933-40C5-8F4A-CC79557092A2}.Release|Any CPU.ActiveCfg = Release|Any CPU
		{B8BC0D1C-4933-40C5-8F4A-CC79557092A2}.Release|Any CPU.Build.0 = Release|Any CPU
	EndGlobalSection
	GlobalSection(SolutionProperties) = preSolution
		HideSolutionNode = FALSE
	EndGlobalSection
	GlobalSection(ExtensibilityGlobals) = postSolution
		SolutionGuid = {BC5A24F8-35AF-419F-8ED9-4DE712EC8AFD}
	EndGlobalSection
EndGlobal
