
Microsoft Visual Studio Solution File, Format Version 12.00
# Visual Studio Version 17
VisualStudioVersion = 17.1.32407.343
MinimumVisualStudioVersion = 10.0.40219.1
Project("{FAE04EC0-301F-11D3-BF4B-00C04F79EFBC}") = "HotelDataLayer", "HotelDataLayer\HotelDataLayer.csproj", "{53B228C6-101A-49F2-A1A9-BEE4FCA7524E}"
EndProject
Project("{FAE04EC0-301F-11D3-BF4B-00C04F79EFBC}") = "AddHotels", "AddHotels\AddHotels.csproj", "{14E652B4-460B-4F89-A2B9-9F908F542899}"
EndProject
Project("{FAE04EC0-301F-11D3-BF4B-00C04F79EFBC}") = "QueryHotels", "QueryHotels\QueryHotels.csproj", "{F89DAE7D-B3A3-494C-BAE5-4D37CF9E3E96}"
EndProject
Global
	GlobalSection(SolutionConfigurationPlatforms) = preSolution
		Debug|Any CPU = Debug|Any CPU
		Release|Any CPU = Release|Any CPU
	EndGlobalSection
	GlobalSection(ProjectConfigurationPlatforms) = postSolution
		{53B228C6-101A-49F2-A1A9-BEE4FCA7524E}.Debug|Any CPU.ActiveCfg = Debug|Any CPU
		{53B228C6-101A-49F2-A1A9-BEE4FCA7524E}.Debug|Any CPU.Build.0 = Debug|Any CPU
		{53B228C6-101A-49F2-A1A9-BEE4FCA7524E}.Release|Any CPU.ActiveCfg = Release|Any CPU
		{53B228C6-101A-49F2-A1A9-BEE4FCA7524E}.Release|Any CPU.Build.0 = Release|Any CPU
		{14E652B4-460B-4F89-A2B9-9F908F542899}.Debug|Any CPU.ActiveCfg = Debug|Any CPU
		{14E652B4-460B-4F89-A2B9-9F908F542899}.Debug|Any CPU.Build.0 = Debug|Any CPU
		{14E652B4-460B-4F89-A2B9-9F908F542899}.Release|Any CPU.ActiveCfg = Release|Any CPU
		{14E652B4-460B-4F89-A2B9-9F908F542899}.Release|Any CPU.Build.0 = Release|Any CPU
		{F89DAE7D-B3A3-494C-BAE5-4D37CF9E3E96}.Debug|Any CPU.ActiveCfg = Debug|Any CPU
		{F89DAE7D-B3A3-494C-BAE5-4D37CF9E3E96}.Debug|Any CPU.Build.0 = Debug|Any CPU
		{F89DAE7D-B3A3-494C-BAE5-4D37CF9E3E96}.Release|Any CPU.ActiveCfg = Release|Any CPU
		{F89DAE7D-B3A3-494C-BAE5-4D37CF9E3E96}.Release|Any CPU.Build.0 = Release|Any CPU
	EndGlobalSection
	GlobalSection(SolutionProperties) = preSolution
		HideSolutionNode = FALSE
	EndGlobalSection
	GlobalSection(ExtensibilityGlobals) = postSolution
		SolutionGuid = {08702861-C451-4646-91AD-3F42D0690F52}
	EndGlobalSection
EndGlobal
